// !$*UTF8*$!
{
	archiveVersion = 1;
	classes = {
	};
	objectVersion = 77;
	objects = {

/* Begin PBXContainerItemProxy section */
		FC4A442C2CBAB62C00CC63A3 /* PBXContainerItemProxy */ = {
			isa = PBXContainerItemProxy;
			containerPortal = FC4A440D2CBAB62B00CC63A3 /* Project object */;
			proxyType = 1;
			remoteGlobalIDString = FC4A44142CBAB62B00CC63A3;
			remoteInfo = "prefetching-caching-infinite-scroll";
		};
		FC4A44362CBAB62C00CC63A3 /* PBXContainerItemProxy */ = {
			isa = PBXContainerItemProxy;
			containerPortal = FC4A440D2CBAB62B00CC63A3 /* Project object */;
			proxyType = 1;
			remoteGlobalIDString = FC4A44142CBAB62B00CC63A3;
			remoteInfo = "prefetching-caching-infinite-scroll";
		};
/* End PBXContainerItemProxy section */

/* Begin PBXFileReference section */
		FC4A44152CBAB62B00CC63A3 /* prefetching-caching-infinite-scroll.app */ = {isa = PBXFileReference; explicitFileType = wrapper.application; includeInIndex = 0; path = "prefetching-caching-infinite-scroll.app"; sourceTree = BUILT_PRODUCTS_DIR; };
		FC4A442B2CBAB62C00CC63A3 /* prefetching-caching-infinite-scrollTests.xctest */ = {isa = PBXFileReference; explicitFileType = wrapper.cfbundle; includeInIndex = 0; path = "prefetching-caching-infinite-scrollTests.xctest"; sourceTree = BUILT_PRODUCTS_DIR; };
		FC4A44352CBAB62C00CC63A3 /* prefetching-caching-infinite-scrollUITests.xctest */ = {isa = PBXFileReference; explicitFileType = wrapper.cfbundle; includeInIndex = 0; path = "prefetching-caching-infinite-scrollUITests.xctest"; sourceTree = BUILT_PRODUCTS_DIR; };
/* End PBXFileReference section */

/* Begin PBXFileSystemSynchronizedBuildFileExceptionSet section */
		FC4A443D2CBAB62C00CC63A3 /* Exceptions for "prefetching-caching-infinite-scroll" folder in "prefetching-caching-infinite-scroll" target */ = {
			isa = PBXFileSystemSynchronizedBuildFileExceptionSet;
			membershipExceptions = (
				Info.plist,
			);
			target = FC4A44142CBAB62B00CC63A3 /* prefetching-caching-infinite-scroll */;
		};
/* End PBXFileSystemSynchronizedBuildFileExceptionSet section */

/* Begin PBXFileSystemSynchronizedRootGroup section */
		FC4A44172CBAB62B00CC63A3 /* prefetching-caching-infinite-scroll */ = {
			isa = PBXFileSystemSynchronizedRootGroup;
			exceptions = (
				FC4A443D2CBAB62C00CC63A3 /* Exceptions for "prefetching-caching-infinite-scroll" folder in "prefetching-caching-infinite-scroll" target */,
			);
			path = "prefetching-caching-infinite-scroll";
			sourceTree = "<group>";
		};
		FC4A442E2CBAB62C00CC63A3 /* prefetching-caching-infinite-scrollTests */ = {
			isa = PBXFileSystemSynchronizedRootGroup;
			path = "prefetching-caching-infinite-scrollTests";
			sourceTree = "<group>";
		};
		FC4A44382CBAB62C00CC63A3 /* prefetching-caching-infinite-scrollUITests */ = {
			isa = PBXFileSystemSynchronizedRootGroup;
			path = "prefetching-caching-infinite-scrollUITests";
			sourceTree = "<group>";
		};
/* End PBXFileSystemSynchronizedRootGroup section */

/* Begin PBXFrameworksBuildPhase section */
		FC4A44122CBAB62B00CC63A3 /* Frameworks */ = {
			isa = PBXFrameworksBuildPhase;
			buildActionMask = 2147483647;
			files = (
			);
			runOnlyForDeploymentPostprocessing = 0;
		};
		FC4A44282CBAB62C00CC63A3 /* Frameworks */ = {
			isa = PBXFrameworksBuildPhase;
			buildActionMask = 2147483647;
			files = (
			);
			runOnlyForDeploymentPostprocessing = 0;
		};
		FC4A44322CBAB62C00CC63A3 /* Frameworks */ = {
			isa = PBXFrameworksBuildPhase;
			buildActionMask = 2147483647;
			files = (
			);
			runOnlyForDeploymentPostprocessing = 0;
		};
/* End PBXFrameworksBuildPhase section */

/* Begin PBXGroup section */
		FC4A440C2CBAB62B00CC63A3 = {
			isa = PBXGroup;
			children = (
				FC4A44172CBAB62B00CC63A3 /* prefetching-caching-infinite-scroll */,
				FC4A442E2CBAB62C00CC63A3 /* prefetching-caching-infinite-scrollTests */,
				FC4A44382CBAB62C00CC63A3 /* prefetching-caching-infinite-scrollUITests */,
				FC4A44162CBAB62B00CC63A3 /* Products */,
			);
			sourceTree = "<group>";
		};
		FC4A44162CBAB62B00CC63A3 /* Products */ = {
			isa = PBXGroup;
			children = (
				FC4A44152CBAB62B00CC63A3 /* prefetching-caching-infinite-scroll.app */,
				FC4A442B2CBAB62C00CC63A3 /* prefetching-caching-infinite-scrollTests.xctest */,
				FC4A44352CBAB62C00CC63A3 /* prefetching-caching-infinite-scrollUITests.xctest */,
			);
			name = Products;
			sourceTree = "<group>";
		};
/* End PBXGroup section */

/* Begin PBXNativeTarget section */
		FC4A44142CBAB62B00CC63A3 /* prefetching-caching-infinite-scroll */ = {
			isa = PBXNativeTarget;
			buildConfigurationList = FC4A443E2CBAB62C00CC63A3 /* Build configuration list for PBXNativeTarget "prefetching-caching-infinite-scroll" */;
			buildPhases = (
				FC4A44112CBAB62B00CC63A3 /* Sources */,
				FC4A44122CBAB62B00CC63A3 /* Frameworks */,
				FC4A44132CBAB62B00CC63A3 /* Resources */,
			);
			buildRules = (
			);
			dependencies = (
			);
			fileSystemSynchronizedGroups = (
				FC4A44172CBAB62B00CC63A3 /* prefetching-caching-infinite-scroll */,
			);
			name = "prefetching-caching-infinite-scroll";
			packageProductDependencies = (
			);
			productName = "prefetching-caching-infinite-scroll";
			productReference = FC4A44152CBAB62B00CC63A3 /* prefetching-caching-infinite-scroll.app */;
			productType = "com.apple.product-type.application";
		};
		FC4A442A2CBAB62C00CC63A3 /* prefetching-caching-infinite-scrollTests */ = {
			isa = PBXNativeTarget;
			buildConfigurationList = FC4A44432CBAB62C00CC63A3 /* Build configuration list for PBXNativeTarget "prefetching-caching-infinite-scrollTests" */;
			buildPhases = (
				FC4A44272CBAB62C00CC63A3 /* Sources */,
				FC4A44282CBAB62C00CC63A3 /* Frameworks */,
				FC4A44292CBAB62C00CC63A3 /* Resources */,
			);
			buildRules = (
			);
			dependencies = (
				FC4A442D2CBAB62C00CC63A3 /* PBXTargetDependency */,
			);
			fileSystemSynchronizedGroups = (
				FC4A442E2CBAB62C00CC63A3 /* prefetching-caching-infinite-scrollTests */,
			);
			name = "prefetching-caching-infinite-scrollTests";
			packageProductDependencies = (
			);
			productName = "prefetching-caching-infinite-scrollTests";
			productReference = FC4A442B2CBAB62C00CC63A3 /* prefetching-caching-infinite-scrollTests.xctest */;
			productType = "com.apple.product-type.bundle.unit-test";
		};
		FC4A44342CBAB62C00CC63A3 /* prefetching-caching-infinite-scrollUITests */ = {
			isa = PBXNativeTarget;
			buildConfigurationList = FC4A44462CBAB62C00CC63A3 /* Build configuration list for PBXNativeTarget "prefetching-caching-infinite-scrollUITests" */;
			buildPhases = (
				FC4A44312CBAB62C00CC63A3 /* Sources */,
				FC4A44322CBAB62C00CC63A3 /* Frameworks */,
				FC4A44332CBAB62C00CC63A3 /* Resources */,
			);
			buildRules = (
			);
			dependencies = (
				FC4A44372CBAB62C00CC63A3 /* PBXTargetDependency */,
			);
			fileSystemSynchronizedGroups = (
				FC4A44382CBAB62C00CC63A3 /* prefetching-caching-infinite-scrollUITests */,
			);
			name = "prefetching-caching-infinite-scrollUITests";
			packageProductDependencies = (
			);
			productName = "prefetching-caching-infinite-scrollUITests";
			productReference = FC4A44352CBAB62C00CC63A3 /* prefetching-caching-infinite-scrollUITests.xctest */;
			productType = "com.apple.product-type.bundle.ui-testing";
		};
/* End PBXNativeTarget section */

/* Begin PBXProject section */
		FC4A440D2CBAB62B00CC63A3 /* Project object */ = {
			isa = PBXProject;
			attributes = {
				BuildIndependentTargetsInParallel = 1;
				LastSwiftUpdateCheck = 1610;
				LastUpgradeCheck = 1610;
				TargetAttributes = {
					FC4A44142CBAB62B00CC63A3 = {
						CreatedOnToolsVersion = 16.1;
					};
					FC4A442A2CBAB62C00CC63A3 = {
						CreatedOnToolsVersion = 16.1;
						TestTargetID = FC4A44142CBAB62B00CC63A3;
					};
					FC4A44342CBAB62C00CC63A3 = {
						CreatedOnToolsVersion = 16.1;
						TestTargetID = FC4A44142CBAB62B00CC63A3;
					};
				};
			};
			buildConfigurationList = FC4A44102CBAB62B00CC63A3 /* Build configuration list for PBXProject "prefetching-caching-infinite-scroll" */;
			developmentRegion = en;
			hasScannedForEncodings = 0;
			knownRegions = (
				en,
				Base,
			);
			mainGroup = FC4A440C2CBAB62B00CC63A3;
			minimizedProjectReferenceProxies = 1;
			preferredProjectObjectVersion = 77;
			productRefGroup = FC4A44162CBAB62B00CC63A3 /* Products */;
			projectDirPath = "";
			projectRoot = "";
			targets = (
				FC4A44142CBAB62B00CC63A3 /* prefetching-caching-infinite-scroll */,
				FC4A442A2CBAB62C00CC63A3 /* prefetching-caching-infinite-scrollTests */,
				FC4A44342CBAB62C00CC63A3 /* prefetching-caching-infinite-scrollUITests */,
			);
		};
/* End PBXProject section */

/* Begin PBXResourcesBuildPhase section */
		FC4A44132CBAB62B00CC63A3 /* Resources */ = {
			isa = PBXResourcesBuildPhase;
			buildActionMask = 2147483647;
			files = (
			);
			runOnlyForDeploymentPostprocessing = 0;
		};
		FC4A44292CBAB62C00CC63A3 /* Resources */ = {
			isa = PBXResourcesBuildPhase;
			buildActionMask = 2147483647;
			files = (
			);
			runOnlyForDeploymentPostprocessing = 0;
		};
		FC4A44332CBAB62C00CC63A3 /* Resources */ = {
			isa = PBXResourcesBuildPhase;
			buildActionMask = 2147483647;
			files = (
			);
			runOnlyForDeploymentPostprocessing = 0;
		};
/* End PBXResourcesBuildPhase section */

/* Begin PBXSourcesBuildPhase section */
		FC4A44112CBAB62B00CC63A3 /* Sources */ = {
			isa = PBXSourcesBuildPhase;
			buildActionMask = 2147483647;
			files = (
			);
			runOnlyForDeploymentPostprocessing = 0;
		};
		FC4A44272CBAB62C00CC63A3 /* Sources */ = {
			isa = PBXSourcesBuildPhase;
			buildActionMask = 2147483647;
			files = (
			);
			runOnlyForDeploymentPostprocessing = 0;
		};
		FC4A44312CBAB62C00CC63A3 /* Sources */ = {
			isa = PBXSourcesBuildPhase;
			buildActionMask = 2147483647;
			files = (
			);
			runOnlyForDeploymentPostprocessing = 0;
		};
/* End PBXSourcesBuildPhase section */

/* Begin PBXTargetDependency section */
		FC4A442D2CBAB62C00CC63A3 /* PBXTargetDependency */ = {
			isa = PBXTargetDependency;
			target = FC4A44142CBAB62B00CC63A3 /* prefetching-caching-infinite-scroll */;
			targetProxy = FC4A442C2CBAB62C00CC63A3 /* PBXContainerItemProxy */;
		};
		FC4A44372CBAB62C00CC63A3 /* PBXTargetDependency */ = {
			isa = PBXTargetDependency;
			target = FC4A44142CBAB62B00CC63A3 /* prefetching-caching-infinite-scroll */;
			targetProxy = FC4A44362CBAB62C00CC63A3 /* PBXContainerItemProxy */;
		};
/* End PBXTargetDependency section */

/* Begin XCBuildConfiguration section */
		FC4A443F2CBAB62C00CC63A3 /* Debug */ = {
			isa = XCBuildConfiguration;
			buildSettings = {
				ASSETCATALOG_COMPILER_APPICON_NAME = AppIcon;
				ASSETCATALOG_COMPILER_GLOBAL_ACCENT_COLOR_NAME = AccentColor;
				CODE_SIGN_STYLE = Automatic;
				CURRENT_PROJECT_VERSION = 1;
				DEVELOPMENT_TEAM = YF2M6C4WM8;
				GENERATE_INFOPLIST_FILE = YES;
				INFOPLIST_FILE = "prefetching-caching-infinite-scroll/Info.plist";
				INFOPLIST_KEY_UIApplicationSupportsIndirectInputEvents = YES;
				INFOPLIST_KEY_UILaunchStoryboardName = LaunchScreen;
				INFOPLIST_KEY_UISupportedInterfaceOrientations = UIInterfaceOrientationPortrait;
				IPHONEOS_DEPLOYMENT_TARGET = 18.0;
				LD_RUNPATH_SEARCH_PATHS = (
					"$(inherited)",
					"@executable_path/Frameworks",
				);
				MARKETING_VERSION = 1.0;
				PRODUCT_BUNDLE_IDENTIFIER = "com.willasaskara.prefetching-caching-infinite-scroll";
				PRODUCT_NAME = "$(TARGET_NAME)";
				SWIFT_EMIT_LOC_STRINGS = YES;
				SWIFT_VERSION = 5.0;
				TARGETED_DEVICE_FAMILY = "1,2";
			};
			name = Debug;
		};
		FC4A44402CBAB62C00CC63A3 /* Release */ = {
			isa = XCBuildConfiguration;
			buildSettings = {
				ASSETCATALOG_COMPILER_APPICON_NAME = AppIcon;
				ASSETCATALOG_COMPILER_GLOBAL_ACCENT_COLOR_NAME = AccentColor;
				CODE_SIGN_STYLE = Automatic;
				CURRENT_PROJECT_VERSION = 1;
				DEVELOPMENT_TEAM = YF2M6C4WM8;
				GENERATE_INFOPLIST_FILE = YES;
				INFOPLIST_FILE = "prefetching-caching-infinite-scroll/Info.plist";
				INFOPLIST_KEY_UIApplicationSupportsIndirectInputEvents = YES;
				INFOPLIST_KEY_UILaunchStoryboardName = LaunchScreen;
				INFOPLIST_KEY_UISupportedInterfaceOrientations = UIInterfaceOrientationPortrait;
				IPHONEOS_DEPLOYMENT_TARGET = 18.0;
				LD_RUNPATH_SEARCH_PATHS = (
					"$(inherited)",
					"@executable_path/Frameworks",
				);
				MARKETING_VERSION = 1.0;
				PRODUCT_BUNDLE_IDENTIFIER = "com.willasaskara.prefetching-caching-infinite-scroll";
				PRODUCT_NAME = "$(TARGET_NAME)";
				SWIFT_EMIT_LOC_STRINGS = YES;
				SWIFT_VERSION = 5.0;
				TARGETED_DEVICE_FAMILY = "1,2";
			};
			name = Release;
		};
		FC4A44412CBAB62C00CC63A3 /* Debug */ = {
			isa = XCBuildConfiguration;
			buildSettings = {
				ALWAYS_SEARCH_USER_PATHS = NO;
				ASSETCATALOG_COMPILER_GENERATE_SWIFT_ASSET_SYMBOL_EXTENSIONS = YES;
				CLANG_ANALYZER_NONNULL = YES;
				CLANG_ANALYZER_NUMBER_OBJECT_CONVERSION = YES_AGGRESSIVE;
				CLANG_CXX_LANGUAGE_STANDARD = "gnu++20";
				CLANG_ENABLE_MODULES = YES;
				CLANG_ENABLE_OBJC_ARC = YES;
				CLANG_ENABLE_OBJC_WEAK = YES;
				CLANG_WARN_BLOCK_CAPTURE_AUTORELEASING = YES;
				CLANG_WARN_BOOL_CONVERSION = YES;
				CLANG_WARN_COMMA = YES;
				CLANG_WARN_CONSTANT_CONVERSION = YES;
				CLANG_WARN_DEPRECATED_OBJC_IMPLEMENTATIONS = YES;
				CLANG_WARN_DIRECT_OBJC_ISA_USAGE = YES_ERROR;
				CLANG_WARN_DOCUMENTATION_COMMENTS = YES;
				CLANG_WARN_EMPTY_BODY = YES;
				CLANG_WARN_ENUM_CONVERSION = YES;
				CLANG_WARN_INFINITE_RECURSION = YES;
				CLANG_WARN_INT_CONVERSION = YES;
				CLANG_WARN_NON_LITERAL_NULL_CONVERSION = YES;
				CLANG_WARN_OBJC_IMPLICIT_RETAIN_SELF = YES;
				CLANG_WARN_OBJC_LITERAL_CONVERSION = YES;
				CLANG_WARN_OBJC_ROOT_CLASS = YES_ERROR;
				CLANG_WARN_QUOTED_INCLUDE_IN_FRAMEWORK_HEADER = YES;
				CLANG_WARN_RANGE_LOOP_ANALYSIS = YES;
				CLANG_WARN_STRICT_PROTOTYPES = YES;
				CLANG_WARN_SUSPICIOUS_MOVE = YES;
				CLANG_WARN_UNGUARDED_AVAILABILITY = YES_AGGRESSIVE;
				CLANG_WARN_UNREACHABLE_CODE = YES;
				CLANG_WARN__DUPLICATE_METHOD_MATCH = YES;
				COPY_PHASE_STRIP = NO;
				DEBUG_INFORMATION_FORMAT = dwarf;
				ENABLE_STRICT_OBJC_MSGSEND = YES;
				ENABLE_TESTABILITY = YES;
				ENABLE_USER_SCRIPT_SANDBOXING = YES;
				GCC_C_LANGUAGE_STANDARD = gnu17;
				GCC_DYNAMIC_NO_PIC = NO;
				GCC_NO_COMMON_BLOCKS = YES;
				GCC_OPTIMIZATION_LEVEL = 0;
				GCC_PREPROCESSOR_DEFINITIONS = (
					"DEBUG=1",
					"$(inherited)",
				);
				GCC_WARN_64_TO_32_BIT_CONVERSION = YES;
				GCC_WARN_ABOUT_RETURN_TYPE = YES_ERROR;
				GCC_WARN_UNDECLARED_SELECTOR = YES;
				GCC_WARN_UNINITIALIZED_AUTOS = YES_AGGRESSIVE;
				GCC_WARN_UNUSED_FUNCTION = YES;
				GCC_WARN_UNUSED_VARIABLE = YES;
				IPHONEOS_DEPLOYMENT_TARGET = 18.1;
				LOCALIZATION_PREFERS_STRING_CATALOGS = YES;
				MTL_ENABLE_DEBUG_INFO = INCLUDE_SOURCE;
				MTL_FAST_MATH = YES;
				ONLY_ACTIVE_ARCH = YES;
				SDKROOT = iphoneos;
				SWIFT_ACTIVE_COMPILATION_CONDITIONS = "DEBUG $(inherited)";
				SWIFT_OPTIMIZATION_LEVEL = "-Onone";
			};
			name = Debug;
		};
		FC4A44422CBAB62C00CC63A3 /* Release */ = {
			isa = XCBuildConfiguration;
			buildSettings = {
				ALWAYS_SEARCH_USER_PATHS = NO;
				ASSETCATALOG_COMPILER_GENERATE_SWIFT_ASSET_SYMBOL_EXTENSIONS = YES;
				CLANG_ANALYZER_NONNULL = YES;
				CLANG_ANALYZER_NUMBER_OBJECT_CONVERSION = YES_AGGRESSIVE;
				CLANG_CXX_LANGUAGE_STANDARD = "gnu++20";
				CLANG_ENABLE_MODULES = YES;
				CLANG_ENABLE_OBJC_ARC = YES;
				CLANG_ENABLE_OBJC_WEAK = YES;
				CLANG_WARN_BLOCK_CAPTURE_AUTORELEASING = YES;
				CLANG_WARN_BOOL_CONVERSION = YES;
				CLANG_WARN_COMMA = YES;
				CLANG_WARN_CONSTANT_CONVERSION = YES;
				CLANG_WARN_DEPRECATED_OBJC_IMPLEMENTATIONS = YES;
				CLANG_WARN_DIRECT_OBJC_ISA_USAGE = YES_ERROR;
				CLANG_WARN_DOCUMENTATION_COMMENTS = YES;
				CLANG_WARN_EMPTY_BODY = YES;
				CLANG_WARN_ENUM_CONVERSION = YES;
				CLANG_WARN_INFINITE_RECURSION = YES;
				CLANG_WARN_INT_CONVERSION = YES;
				CLANG_WARN_NON_LITERAL_NULL_CONVERSION = YES;
				CLANG_WARN_OBJC_IMPLICIT_RETAIN_SELF = YES;
				CLANG_WARN_OBJC_LITERAL_CONVERSION = YES;
				CLANG_WARN_OBJC_ROOT_CLASS = YES_ERROR;
				CLANG_WARN_QUOTED_INCLUDE_IN_FRAMEWORK_HEADER = YES;
				CLANG_WARN_RANGE_LOOP_ANALYSIS = YES;
				CLANG_WARN_STRICT_PROTOTYPES = YES;
				CLANG_WARN_SUSPICIOUS_MOVE = YES;
				CLANG_WARN_UNGUARDED_AVAILABILITY = YES_AGGRESSIVE;
				CLANG_WARN_UNREACHABLE_CODE = YES;
				CLANG_WARN__DUPLICATE_METHOD_MATCH = YES;
				COPY_PHASE_STRIP = NO;
				DEBUG_INFORMATION_FORMAT = "dwarf-with-dsym";
				ENABLE_NS_ASSERTIONS = NO;
				ENABLE_STRICT_OBJC_MSGSEND = YES;
				ENABLE_USER_SCRIPT_SANDBOXING = YES;
				GCC_C_LANGUAGE_STANDARD = gnu17;
				GCC_NO_COMMON_BLOCKS = YES;
				GCC_WARN_64_TO_32_BIT_CONVERSION = YES;
				GCC_WARN_ABOUT_RETURN_TYPE = YES_ERROR;
				GCC_WARN_UNDECLARED_SELECTOR = YES;
				GCC_WARN_UNINITIALIZED_AUTOS = YES_AGGRESSIVE;
				GCC_WARN_UNUSED_FUNCTION = YES;
				GCC_WARN_UNUSED_VARIABLE = YES;
				IPHONEOS_DEPLOYMENT_TARGET = 18.1;
				LOCALIZATION_PREFERS_STRING_CATALOGS = YES;
				MTL_ENABLE_DEBUG_INFO = NO;
				MTL_FAST_MATH = YES;
				SDKROOT = iphoneos;
				SWIFT_COMPILATION_MODE = wholemodule;
				VALIDATE_PRODUCT = YES;
			};
			name = Release;
		};
		FC4A44442CBAB62C00CC63A3 /* Debug */ = {
			isa = XCBuildConfiguration;
			buildSettings = {
				BUNDLE_LOADER = "$(TEST_HOST)";
				CODE_SIGN_STYLE = Automatic;
				CURRENT_PROJECT_VERSION = 1;
				GENERATE_INFOPLIST_FILE = YES;
				IPHONEOS_DEPLOYMENT_TARGET = 18.1;
				MARKETING_VERSION = 1.0;
				PRODUCT_BUNDLE_IDENTIFIER = "com.willasaskara.prefetching-caching-infinite-scrollTests";
				PRODUCT_NAME = "$(TARGET_NAME)";
				SWIFT_EMIT_LOC_STRINGS = NO;
				SWIFT_VERSION = 5.0;
				TARGETED_DEVICE_FAMILY = "1,2";
				TEST_HOST = "$(BUILT_PRODUCTS_DIR)/prefetching-caching-infinite-scroll.app/$(BUNDLE_EXECUTABLE_FOLDER_PATH)/prefetching-caching-infinite-scroll";
			};
			name = Debug;
		};
		FC4A44452CBAB62C00CC63A3 /* Release */ = {
			isa = XCBuildConfiguration;
			buildSettings = {
				BUNDLE_LOADER = "$(TEST_HOST)";
				CODE_SIGN_STYLE = Automatic;
				CURRENT_PROJECT_VERSION = 1;
				GENERATE_INFOPLIST_FILE = YES;
				IPHONEOS_DEPLOYMENT_TARGET = 18.1;
				MARKETING_VERSION = 1.0;
				PRODUCT_BUNDLE_IDENTIFIER = "com.willasaskara.prefetching-caching-infinite-scrollTests";
				PRODUCT_NAME = "$(TARGET_NAME)";
				SWIFT_EMIT_LOC_STRINGS = NO;
				SWIFT_VERSION = 5.0;
				TARGETED_DEVICE_FAMILY = "1,2";
				TEST_HOST = "$(BUILT_PRODUCTS_DIR)/prefetching-caching-infinite-scroll.app/$(BUNDLE_EXECUTABLE_FOLDER_PATH)/prefetching-caching-infinite-scroll";
			};
			name = Release;
		};
		FC4A44472CBAB62C00CC63A3 /* Debug */ = {
			isa = XCBuildConfiguration;
			buildSettings = {
				CODE_SIGN_STYLE = Automatic;
				CURRENT_PROJECT_VERSION = 1;
				GENERATE_INFOPLIST_FILE = YES;
				MARKETING_VERSION = 1.0;
				PRODUCT_BUNDLE_IDENTIFIER = "com.willasaskara.prefetching-caching-infinite-scrollUITests";
				PRODUCT_NAME = "$(TARGET_NAME)";
				SWIFT_EMIT_LOC_STRINGS = NO;
				SWIFT_VERSION = 5.0;
				TARGETED_DEVICE_FAMILY = "1,2";
				TEST_TARGET_NAME = "prefetching-caching-infinite-scroll";
			};
			name = Debug;
		};
		FC4A44482CBAB62C00CC63A3 /* Release */ = {
			isa = XCBuildConfiguration;
			buildSettings = {
				CODE_SIGN_STYLE = Automatic;
				CURRENT_PROJECT_VERSION = 1;
				GENERATE_INFOPLIST_FILE = YES;
				MARKETING_VERSION = 1.0;
				PRODUCT_BUNDLE_IDENTIFIER = "com.willasaskara.prefetching-caching-infinite-scrollUITests";
				PRODUCT_NAME = "$(TARGET_NAME)";
				SWIFT_EMIT_LOC_STRINGS = NO;
				SWIFT_VERSION = 5.0;
				TARGETED_DEVICE_FAMILY = "1,2";
				TEST_TARGET_NAME = "prefetching-caching-infinite-scroll";
			};
			name = Release;
		};
/* End XCBuildConfiguration section */

/* Begin XCConfigurationList section */
		FC4A44102CBAB62B00CC63A3 /* Build configuration list for PBXProject "prefetching-caching-infinite-scroll" */ = {
			isa = XCConfigurationList;
			buildConfigurations = (
				FC4A44412CBAB62C00CC63A3 /* Debug */,
				FC4A44422CBAB62C00CC63A3 /* Release */,
			);
			defaultConfigurationIsVisible = 0;
			defaultConfigurationName = Release;
		};
		FC4A443E2CBAB62C00CC63A3 /* Build configuration list for PBXNativeTarget "prefetching-caching-infinite-scroll" */ = {
			isa = XCConfigurationList;
			buildConfigurations = (
				FC4A443F2CBAB62C00CC63A3 /* Debug */,
				FC4A44402CBAB62C00CC63A3 /* Release */,
			);
			defaultConfigurationIsVisible = 0;
			defaultConfigurationName = Release;
		};
		FC4A44432CBAB62C00CC63A3 /* Build configuration list for PBXNativeTarget "prefetching-caching-infinite-scrollTests" */ = {
			isa = XCConfigurationList;
			buildConfigurations = (
				FC4A44442CBAB62C00CC63A3 /* Debug */,
				FC4A44452CBAB62C00CC63A3 /* Release */,
			);
			defaultConfigurationIsVisible = 0;
			defaultConfigurationName = Release;
		};
		FC4A44462CBAB62C00CC63A3 /* Build configuration list for PBXNativeTarget "prefetching-caching-infinite-scrollUITests" */ = {
			isa = XCConfigurationList;
			buildConfigurations = (
				FC4A44472CBAB62C00CC63A3 /* Debug */,
				FC4A44482CBAB62C00CC63A3 /* Release */,
			);
			defaultConfigurationIsVisible = 0;
			defaultConfigurationName = Release;
		};
/* End XCConfigurationList section */
	};
	rootObject = FC4A440D2CBAB62B00CC63A3 /* Project object */;
}
